
Microsoft Visual Studio Solution File, Format Version 12.00
# Visual Studio Version 17
VisualStudioVersion = 17.3.32825.248
MinimumVisualStudioVersion = 10.0.40219.1
Project("{2150E333-8FDC-42A3-9474-1A3956D46DE8}") = "01-benchmarks", "01-benchmarks", "{E3A8DEEC-3D12-49CF-82F5-CBDF2D11AE76}"
EndProject
Project("{9A19103F-16F7-4668-BE54-9A1E7A4F7556}") = "AwesomeBenchmarks", "benchmarks\AwesomeBenchmarks\AwesomeBenchmarks.csproj", "{E5359B29-A123-4820-A45B-7C67A0214CA8}"
EndProject
Global
	GlobalSection(SolutionConfigurationPlatforms) = preSolution
		Debug|Any CPU = Debug|Any CPU
		Release|Any CPU = Release|Any CPU
	EndGlobalSection
	GlobalSection(ProjectConfigurationPlatforms) = postSolution
		{E5359B29-A123-4820-A45B-7C67A0214CA8}.Debug|Any CPU.ActiveCfg = Debug|Any CPU
		{E5359B29-A123-4820-A45B-7C67A0214CA8}.Debug|Any CPU.Build.0 = Debug|Any CPU
		{E5359B29-A123-4820-A45B-7C67A0214CA8}.Release|Any CPU.ActiveCfg = Release|Any CPU
		{E5359B29-A123-4820-A45B-7C67A0214CA8}.Release|Any CPU.Build.0 = Release|Any CPU
	EndGlobalSection
	GlobalSection(SolutionProperties) = preSolution
		HideSolutionNode = FALSE
	EndGlobalSection
	GlobalSection(NestedProjects) = preSolution
		{E5359B29-A123-4820-A45B-7C67A0214CA8} = {E3A8DEEC-3D12-49CF-82F5-CBDF2D11AE76}
	EndGlobalSection
	GlobalSection(ExtensibilityGlobals) = postSolution
		SolutionGuid = {0854034B-E1C9-4C6A-A642-E85F09502AAD}
	EndGlobalSection
EndGlobal
